// !$*UTF8*$!
{
	archiveVersion = 1;
	classes = {
	};
	objectVersion = 56;
	objects = {

/* Begin PBXBuildFile section */
		3756D96839324F046B039CE8 /* Pods_ChatBot.framework in Frameworks */ = {isa = PBXBuildFile; fileRef = 86F2885AC45A38F47FDA4AD5 /* Pods_ChatBot.framework */; };
		84149A5B2BB285B1003595D0 /* ResponseDTO.swift in Sources */ = {isa = PBXBuildFile; fileRef = 84149A5A2BB285B1003595D0 /* ResponseDTO.swift */; };
		84149A5D2BB2940B003595D0 /* RequestDTO.swift in Sources */ = {isa = PBXBuildFile; fileRef = 84149A5C2BB2940B003595D0 /* RequestDTO.swift */; };
		95280FAF2BBD68C90071860A /* NetworkRouter.swift in Sources */ = {isa = PBXBuildFile; fileRef = 95280FAE2BBD68C90071860A /* NetworkRouter.swift */; };
		95280FB12BBD6C010071860A /* APIClient.swift in Sources */ = {isa = PBXBuildFile; fileRef = 95280FB02BBD6C010071860A /* APIClient.swift */; };
		95280FB32BBD6C440071860A /* APIRouter.swift in Sources */ = {isa = PBXBuildFile; fileRef = 95280FB22BBD6C440071860A /* APIRouter.swift */; };
		95280FB52BBD6CA10071860A /* NetworkResult.swift in Sources */ = {isa = PBXBuildFile; fileRef = 95280FB42BBD6CA10071860A /* NetworkResult.swift */; };
		95280FB72BBD6CF80071860A /* APIConstants.swift in Sources */ = {isa = PBXBuildFile; fileRef = 95280FB62BBD6CF80071860A /* APIConstants.swift */; };
		95280FBB2BBD70AE0071860A /* RequestDTO+DictionaryRepresentation.swift in Sources */ = {isa = PBXBuildFile; fileRef = 95280FBA2BBD70AE0071860A /* RequestDTO+DictionaryRepresentation.swift */; };
		95280FBD2BBD70E50071860A /* MessageDTO+DictionaryRepresentation.swift in Sources */ = {isa = PBXBuildFile; fileRef = 95280FBC2BBD70E50071860A /* MessageDTO+DictionaryRepresentation.swift */; };
		95280FBF2BBD71390071860A /* ChatService.swift in Sources */ = {isa = PBXBuildFile; fileRef = 95280FBE2BBD71390071860A /* ChatService.swift */; };
		95280FC12BBE0C880071860A /* AppConfig.swift in Sources */ = {isa = PBXBuildFile; fileRef = 95280FC02BBE0C880071860A /* AppConfig.swift */; };
		95A0785C2BCD38FA00E841B9 /* ChatViewController.swift in Sources */ = {isa = PBXBuildFile; fileRef = 95A0785B2BCD38FA00E841B9 /* ChatViewController.swift */; };
		95A078622BCE69A900E841B9 /* ChatBubbleView.swift in Sources */ = {isa = PBXBuildFile; fileRef = 95A078612BCE69A900E841B9 /* ChatBubbleView.swift */; };
		95B4F31B2BB2C21E00AB4952 /* .swiftlint.yml in Resources */ = {isa = PBXBuildFile; fileRef = 95B4F31A2BB2C21E00AB4952 /* .swiftlint.yml */; };
		95B4F3272BB42ED300AB4952 /* MessageDTO.swift in Sources */ = {isa = PBXBuildFile; fileRef = 95B4F3262BB42ED300AB4952 /* MessageDTO.swift */; };
		B4B3E2BD2B42D1BB00818B3C /* AppDelegate.swift in Sources */ = {isa = PBXBuildFile; fileRef = B4B3E2BC2B42D1BB00818B3C /* AppDelegate.swift */; };
		B4B3E2BF2B42D1BB00818B3C /* SceneDelegate.swift in Sources */ = {isa = PBXBuildFile; fileRef = B4B3E2BE2B42D1BB00818B3C /* SceneDelegate.swift */; };
		B4B3E2C62B42D1BC00818B3C /* Assets.xcassets in Resources */ = {isa = PBXBuildFile; fileRef = B4B3E2C52B42D1BC00818B3C /* Assets.xcassets */; };
		B4B3E2C92B42D1BC00818B3C /* LaunchScreen.storyboard in Resources */ = {isa = PBXBuildFile; fileRef = B4B3E2C72B42D1BC00818B3C /* LaunchScreen.storyboard */; };
/* End PBXBuildFile section */

/* Begin PBXFileReference section */
		548DCC0B40D1F4BC4766D293 /* Pods-ChatBot.release.xcconfig */ = {isa = PBXFileReference; includeInIndex = 1; lastKnownFileType = text.xcconfig; name = "Pods-ChatBot.release.xcconfig"; path = "Target Support Files/Pods-ChatBot/Pods-ChatBot.release.xcconfig"; sourceTree = "<group>"; };
		84149A5A2BB285B1003595D0 /* ResponseDTO.swift */ = {isa = PBXFileReference; lastKnownFileType = sourcecode.swift; path = ResponseDTO.swift; sourceTree = "<group>"; };
		84149A5C2BB2940B003595D0 /* RequestDTO.swift */ = {isa = PBXFileReference; lastKnownFileType = sourcecode.swift; path = RequestDTO.swift; sourceTree = "<group>"; };
		843E18412BBD214C003EEF6D /* Configuration.xcconfig */ = {isa = PBXFileReference; lastKnownFileType = text.xcconfig; path = Configuration.xcconfig; sourceTree = "<group>"; };
		86F2885AC45A38F47FDA4AD5 /* Pods_ChatBot.framework */ = {isa = PBXFileReference; explicitFileType = wrapper.framework; includeInIndex = 0; path = Pods_ChatBot.framework; sourceTree = BUILT_PRODUCTS_DIR; };
		95280FAE2BBD68C90071860A /* NetworkRouter.swift */ = {isa = PBXFileReference; lastKnownFileType = sourcecode.swift; path = NetworkRouter.swift; sourceTree = "<group>"; };
		95280FB02BBD6C010071860A /* APIClient.swift */ = {isa = PBXFileReference; lastKnownFileType = sourcecode.swift; path = APIClient.swift; sourceTree = "<group>"; };
		95280FB22BBD6C440071860A /* APIRouter.swift */ = {isa = PBXFileReference; lastKnownFileType = sourcecode.swift; path = APIRouter.swift; sourceTree = "<group>"; };
		95280FB42BBD6CA10071860A /* NetworkResult.swift */ = {isa = PBXFileReference; lastKnownFileType = sourcecode.swift; path = NetworkResult.swift; sourceTree = "<group>"; };
		95280FB62BBD6CF80071860A /* APIConstants.swift */ = {isa = PBXFileReference; lastKnownFileType = sourcecode.swift; path = APIConstants.swift; sourceTree = "<group>"; };
		95280FBA2BBD70AE0071860A /* RequestDTO+DictionaryRepresentation.swift */ = {isa = PBXFileReference; lastKnownFileType = sourcecode.swift; path = "RequestDTO+DictionaryRepresentation.swift"; sourceTree = "<group>"; };
		95280FBC2BBD70E50071860A /* MessageDTO+DictionaryRepresentation.swift */ = {isa = PBXFileReference; lastKnownFileType = sourcecode.swift; path = "MessageDTO+DictionaryRepresentation.swift"; sourceTree = "<group>"; };
		95280FBE2BBD71390071860A /* ChatService.swift */ = {isa = PBXFileReference; lastKnownFileType = sourcecode.swift; path = ChatService.swift; sourceTree = "<group>"; };
		95280FC02BBE0C880071860A /* AppConfig.swift */ = {isa = PBXFileReference; lastKnownFileType = sourcecode.swift; path = AppConfig.swift; sourceTree = "<group>"; };
		95A0785B2BCD38FA00E841B9 /* ChatViewController.swift */ = {isa = PBXFileReference; lastKnownFileType = sourcecode.swift; path = ChatViewController.swift; sourceTree = "<group>"; };
		95A078612BCE69A900E841B9 /* ChatBubbleView.swift */ = {isa = PBXFileReference; lastKnownFileType = sourcecode.swift; path = ChatBubbleView.swift; sourceTree = "<group>"; };
		95B4F31A2BB2C21E00AB4952 /* .swiftlint.yml */ = {isa = PBXFileReference; lastKnownFileType = text.yaml; path = .swiftlint.yml; sourceTree = "<group>"; };
		95B4F3262BB42ED300AB4952 /* MessageDTO.swift */ = {isa = PBXFileReference; lastKnownFileType = sourcecode.swift; path = MessageDTO.swift; sourceTree = "<group>"; };
		B4B3E2B92B42D1BB00818B3C /* ChatBot.app */ = {isa = PBXFileReference; explicitFileType = wrapper.application; includeInIndex = 0; path = ChatBot.app; sourceTree = BUILT_PRODUCTS_DIR; };
		B4B3E2BC2B42D1BB00818B3C /* AppDelegate.swift */ = {isa = PBXFileReference; lastKnownFileType = sourcecode.swift; path = AppDelegate.swift; sourceTree = "<group>"; };
		B4B3E2BE2B42D1BB00818B3C /* SceneDelegate.swift */ = {isa = PBXFileReference; lastKnownFileType = sourcecode.swift; path = SceneDelegate.swift; sourceTree = "<group>"; };
		B4B3E2C52B42D1BC00818B3C /* Assets.xcassets */ = {isa = PBXFileReference; lastKnownFileType = folder.assetcatalog; path = Assets.xcassets; sourceTree = "<group>"; };
		B4B3E2C82B42D1BC00818B3C /* Base */ = {isa = PBXFileReference; lastKnownFileType = file.storyboard; name = Base; path = Base.lproj/LaunchScreen.storyboard; sourceTree = "<group>"; };
		B4B3E2CA2B42D1BC00818B3C /* Info.plist */ = {isa = PBXFileReference; lastKnownFileType = text.plist.xml; path = Info.plist; sourceTree = "<group>"; };
		EFD6408FF9FD825BF942F408 /* Pods-ChatBot.debug.xcconfig */ = {isa = PBXFileReference; includeInIndex = 1; lastKnownFileType = text.xcconfig; name = "Pods-ChatBot.debug.xcconfig"; path = "Target Support Files/Pods-ChatBot/Pods-ChatBot.debug.xcconfig"; sourceTree = "<group>"; };
/* End PBXFileReference section */

/* Begin PBXFrameworksBuildPhase section */
		B4B3E2B62B42D1BB00818B3C /* Frameworks */ = {
			isa = PBXFrameworksBuildPhase;
			buildActionMask = 2147483647;
			files = (
				3756D96839324F046B039CE8 /* Pods_ChatBot.framework in Frameworks */,
			);
			runOnlyForDeploymentPostprocessing = 0;
		};
/* End PBXFrameworksBuildPhase section */

/* Begin PBXGroup section */
		4426FE930E861943D7D72870 /* Frameworks */ = {
			isa = PBXGroup;
			children = (
				86F2885AC45A38F47FDA4AD5 /* Pods_ChatBot.framework */,
			);
			name = Frameworks;
			sourceTree = "<group>";
		};
		95280FAA2BBD63A00071860A /* Network */ = {
			isa = PBXGroup;
			children = (
				95280FAE2BBD68C90071860A /* NetworkRouter.swift */,
				95280FB02BBD6C010071860A /* APIClient.swift */,
				95280FB22BBD6C440071860A /* APIRouter.swift */,
				95280FB42BBD6CA10071860A /* NetworkResult.swift */,
				95280FB62BBD6CF80071860A /* APIConstants.swift */,
			);
			path = Network;
			sourceTree = "<group>";
		};
		95280FB82BBD70870071860A /* Util */ = {
			isa = PBXGroup;
			children = (
				95280FB92BBD708E0071860A /* Extensions */,
				95280FC02BBE0C880071860A /* AppConfig.swift */,
			);
			path = Util;
			sourceTree = "<group>";
		};
		95280FB92BBD708E0071860A /* Extensions */ = {
			isa = PBXGroup;
			children = (
				95280FBA2BBD70AE0071860A /* RequestDTO+DictionaryRepresentation.swift */,
				95280FBC2BBD70E50071860A /* MessageDTO+DictionaryRepresentation.swift */,
			);
			path = Extensions;
			sourceTree = "<group>";
		};
		95280FC32BBE36590071860A /* Service */ = {
			isa = PBXGroup;
			children = (
				95280FBE2BBD71390071860A /* ChatService.swift */,
			);
			path = Service;
			sourceTree = "<group>";
		};
		95B4F3282BB43A8E00AB4952 /* App */ = {
			isa = PBXGroup;
			children = (
				B4B3E2BC2B42D1BB00818B3C /* AppDelegate.swift */,
				B4B3E2BE2B42D1BB00818B3C /* SceneDelegate.swift */,
			);
			path = App;
			sourceTree = "<group>";
		};
		95B4F3292BB43A9C00AB4952 /* Model */ = {
			isa = PBXGroup;
			children = (
				84149A5C2BB2940B003595D0 /* RequestDTO.swift */,
				84149A5A2BB285B1003595D0 /* ResponseDTO.swift */,
				95B4F3262BB42ED300AB4952 /* MessageDTO.swift */,
			);
			path = Model;
			sourceTree = "<group>";
		};
		95B4F32A2BB43BDB00AB4952 /* Resources */ = {
			isa = PBXGroup;
			children = (
				843E18412BBD214C003EEF6D /* Configuration.xcconfig */,
				B4B3E2C52B42D1BC00818B3C /* Assets.xcassets */,
				B4B3E2CA2B42D1BC00818B3C /* Info.plist */,
				B4B3E2C72B42D1BC00818B3C /* LaunchScreen.storyboard */,
			);
			path = Resources;
			sourceTree = "<group>";
		};
		95B4F32B2BB4714200AB4952 /* Presentation */ = {
			isa = PBXGroup;
			children = (
				95A078592BCD38E500E841B9 /* MessageCell.swift */,
				95A0785B2BCD38FA00E841B9 /* ChatViewController.swift */,
				95A078612BCE69A900E841B9 /* ChatBubbleView.swift */,
			);
			path = Presentation;
			sourceTree = "<group>";
		};
		A74CE7C64FA149CB552BBE3F /* Pods */ = {
			isa = PBXGroup;
			children = (
				EFD6408FF9FD825BF942F408 /* Pods-ChatBot.debug.xcconfig */,
				548DCC0B40D1F4BC4766D293 /* Pods-ChatBot.release.xcconfig */,
			);
			path = Pods;
			sourceTree = "<group>";
		};
		B4B3E2B02B42D1BB00818B3C = {
			isa = PBXGroup;
			children = (
				95B4F31A2BB2C21E00AB4952 /* .swiftlint.yml */,
				B4B3E2BB2B42D1BB00818B3C /* ChatBot */,
				B4B3E2BA2B42D1BB00818B3C /* Products */,
				A74CE7C64FA149CB552BBE3F /* Pods */,
				4426FE930E861943D7D72870 /* Frameworks */,
			);
			sourceTree = "<group>";
		};
		B4B3E2BA2B42D1BB00818B3C /* Products */ = {
			isa = PBXGroup;
			children = (
				B4B3E2B92B42D1BB00818B3C /* ChatBot.app */,
			);
			name = Products;
			sourceTree = "<group>";
		};
		B4B3E2BB2B42D1BB00818B3C /* ChatBot */ = {
			isa = PBXGroup;
			children = (
				95B4F3282BB43A8E00AB4952 /* App */,
				95B4F3292BB43A9C00AB4952 /* Model */,
				95280FAA2BBD63A00071860A /* Network */,
				95280FC32BBE36590071860A /* Service */,
				95B4F32B2BB4714200AB4952 /* Presentation */,
				95B4F32A2BB43BDB00AB4952 /* Resources */,
				95280FB82BBD70870071860A /* Util */,
			);
			path = ChatBot;
			sourceTree = "<group>";
		};
/* End PBXGroup section */

/* Begin PBXNativeTarget section */
		B4B3E2B82B42D1BB00818B3C /* ChatBot */ = {
			isa = PBXNativeTarget;
			buildConfigurationList = B4B3E2CD2B42D1BC00818B3C /* Build configuration list for PBXNativeTarget "ChatBot" */;
			buildPhases = (
				CF48DBE895D16B153F73C922 /* [CP] Check Pods Manifest.lock */,
				95B4F3192BB2C1A100AB4952 /* SwiftLint */,
				B4B3E2B52B42D1BB00818B3C /* Sources */,
				B4B3E2B62B42D1BB00818B3C /* Frameworks */,
				B4B3E2B72B42D1BB00818B3C /* Resources */,
				157BC9F75AEC0E5F7B580B83 /* [CP] Embed Pods Frameworks */,
			);
			buildRules = (
			);
			dependencies = (
			);
			name = ChatBot;
			productName = ChatBot;
			productReference = B4B3E2B92B42D1BB00818B3C /* ChatBot.app */;
			productType = "com.apple.product-type.application";
		};
/* End PBXNativeTarget section */

/* Begin PBXProject section */
		B4B3E2B12B42D1BB00818B3C /* Project object */ = {
			isa = PBXProject;
			attributes = {
				BuildIndependentTargetsInParallel = 1;
				LastSwiftUpdateCheck = 1500;
				LastUpgradeCheck = 1500;
				TargetAttributes = {
					B4B3E2B82B42D1BB00818B3C = {
						CreatedOnToolsVersion = 15.0.1;
					};
				};
			};
			buildConfigurationList = B4B3E2B42B42D1BB00818B3C /* Build configuration list for PBXProject "ChatBot" */;
			compatibilityVersion = "Xcode 14.0";
			developmentRegion = en;
			hasScannedForEncodings = 0;
			knownRegions = (
				en,
				Base,
			);
			mainGroup = B4B3E2B02B42D1BB00818B3C;
			productRefGroup = B4B3E2BA2B42D1BB00818B3C /* Products */;
			projectDirPath = "";
			projectRoot = "";
			targets = (
				B4B3E2B82B42D1BB00818B3C /* ChatBot */,
			);
		};
/* End PBXProject section */

/* Begin PBXResourcesBuildPhase section */
		B4B3E2B72B42D1BB00818B3C /* Resources */ = {
			isa = PBXResourcesBuildPhase;
			buildActionMask = 2147483647;
			files = (
				95B4F31B2BB2C21E00AB4952 /* .swiftlint.yml in Resources */,
				B4B3E2C92B42D1BC00818B3C /* LaunchScreen.storyboard in Resources */,
				B4B3E2C62B42D1BC00818B3C /* Assets.xcassets in Resources */,
			);
			runOnlyForDeploymentPostprocessing = 0;
		};
/* End PBXResourcesBuildPhase section */

/* Begin PBXShellScriptBuildPhase section */
		157BC9F75AEC0E5F7B580B83 /* [CP] Embed Pods Frameworks */ = {
			isa = PBXShellScriptBuildPhase;
			buildActionMask = 2147483647;
			files = (
			);
			inputFileListPaths = (
				"${PODS_ROOT}/Target Support Files/Pods-ChatBot/Pods-ChatBot-frameworks-${CONFIGURATION}-input-files.xcfilelist",
			);
			name = "[CP] Embed Pods Frameworks";
			outputFileListPaths = (
				"${PODS_ROOT}/Target Support Files/Pods-ChatBot/Pods-ChatBot-frameworks-${CONFIGURATION}-output-files.xcfilelist",
			);
			runOnlyForDeploymentPostprocessing = 0;
			shellPath = /bin/sh;
			shellScript = "\"${PODS_ROOT}/Target Support Files/Pods-ChatBot/Pods-ChatBot-frameworks.sh\"\n";
			showEnvVarsInLog = 0;
		};
		95B4F3192BB2C1A100AB4952 /* SwiftLint */ = {
			isa = PBXShellScriptBuildPhase;
			alwaysOutOfDate = 1;
			buildActionMask = 2147483647;
			files = (
			);
			inputFileListPaths = (
			);
			inputPaths = (
			);
			name = SwiftLint;
			outputFileListPaths = (
			);
			outputPaths = (
			);
			runOnlyForDeploymentPostprocessing = 0;
			shellPath = /bin/sh;
			shellScript = "${PODS_ROOT}/SwiftLint/swiftlint\n";
		};
		CF48DBE895D16B153F73C922 /* [CP] Check Pods Manifest.lock */ = {
			isa = PBXShellScriptBuildPhase;
			buildActionMask = 2147483647;
			files = (
			);
			inputFileListPaths = (
			);
			inputPaths = (
				"${PODS_PODFILE_DIR_PATH}/Podfile.lock",
				"${PODS_ROOT}/Manifest.lock",
			);
			name = "[CP] Check Pods Manifest.lock";
			outputFileListPaths = (
			);
			outputPaths = (
				"$(DERIVED_FILE_DIR)/Pods-ChatBot-checkManifestLockResult.txt",
			);
			runOnlyForDeploymentPostprocessing = 0;
			shellPath = /bin/sh;
			shellScript = "diff \"${PODS_PODFILE_DIR_PATH}/Podfile.lock\" \"${PODS_ROOT}/Manifest.lock\" > /dev/null\nif [ $? != 0 ] ; then\n    # print error to STDERR\n    echo \"error: The sandbox is not in sync with the Podfile.lock. Run 'pod install' or update your CocoaPods installation.\" >&2\n    exit 1\nfi\n# This output is used by Xcode 'outputs' to avoid re-running this script phase.\necho \"SUCCESS\" > \"${SCRIPT_OUTPUT_FILE_0}\"\n";
			showEnvVarsInLog = 0;
		};
/* End PBXShellScriptBuildPhase section */

/* Begin PBXSourcesBuildPhase section */
		B4B3E2B52B42D1BB00818B3C /* Sources */ = {
			isa = PBXSourcesBuildPhase;
			buildActionMask = 2147483647;
			files = (
				95280FBB2BBD70AE0071860A /* RequestDTO+DictionaryRepresentation.swift in Sources */,
				95A0785A2BCD38E500E841B9 /* MessageCell.swift in Sources */,
				95280FB72BBD6CF80071860A /* APIConstants.swift in Sources */,
				95280FB52BBD6CA10071860A /* NetworkResult.swift in Sources */,
				95280FB32BBD6C440071860A /* APIRouter.swift in Sources */,
				B4B3E2BD2B42D1BB00818B3C /* AppDelegate.swift in Sources */,
				95280FC12BBE0C880071860A /* AppConfig.swift in Sources */,
				84149A5B2BB285B1003595D0 /* ResponseDTO.swift in Sources */,
				95280FB12BBD6C010071860A /* APIClient.swift in Sources */,
				95A078622BCE69A900E841B9 /* ChatBubbleView.swift in Sources */,
				95280FAF2BBD68C90071860A /* NetworkRouter.swift in Sources */,
				95A0785C2BCD38FA00E841B9 /* ChatViewController.swift in Sources */,
				95280FBF2BBD71390071860A /* ChatService.swift in Sources */,
				84149A5D2BB2940B003595D0 /* RequestDTO.swift in Sources */,
				95B4F3272BB42ED300AB4952 /* MessageDTO.swift in Sources */,
				B4B3E2BF2B42D1BB00818B3C /* SceneDelegate.swift in Sources */,
				95280FBD2BBD70E50071860A /* MessageDTO+DictionaryRepresentation.swift in Sources */,
			);
			runOnlyForDeploymentPostprocessing = 0;
		};
/* End PBXSourcesBuildPhase section */

/* Begin PBXVariantGroup section */
		B4B3E2C72B42D1BC00818B3C /* LaunchScreen.storyboard */ = {
			isa = PBXVariantGroup;
			children = (
				B4B3E2C82B42D1BC00818B3C /* Base */,
			);
			name = LaunchScreen.storyboard;
			sourceTree = "<group>";
		};
/* End PBXVariantGroup section */

/* Begin XCBuildConfiguration section */
		B4B3E2CB2B42D1BC00818B3C /* Debug */ = {
			isa = XCBuildConfiguration;
			baseConfigurationReference = 843E18412BBD214C003EEF6D /* Configuration.xcconfig */;
			buildSettings = {
				ALWAYS_SEARCH_USER_PATHS = NO;
				ASSETCATALOG_COMPILER_GENERATE_SWIFT_ASSET_SYMBOL_EXTENSIONS = YES;
				CLANG_ANALYZER_NONNULL = YES;
				CLANG_ANALYZER_NUMBER_OBJECT_CONVERSION = YES_AGGRESSIVE;
				CLANG_CXX_LANGUAGE_STANDARD = "gnu++20";
				CLANG_ENABLE_MODULES = YES;
				CLANG_ENABLE_OBJC_ARC = YES;
				CLANG_ENABLE_OBJC_WEAK = YES;
				CLANG_WARN_BLOCK_CAPTURE_AUTORELEASING = YES;
				CLANG_WARN_BOOL_CONVERSION = YES;
				CLANG_WARN_COMMA = YES;
				CLANG_WARN_CONSTANT_CONVERSION = YES;
				CLANG_WARN_DEPRECATED_OBJC_IMPLEMENTATIONS = YES;
				CLANG_WARN_DIRECT_OBJC_ISA_USAGE = YES_ERROR;
				CLANG_WARN_DOCUMENTATION_COMMENTS = YES;
				CLANG_WARN_EMPTY_BODY = YES;
				CLANG_WARN_ENUM_CONVERSION = YES;
				CLANG_WARN_INFINITE_RECURSION = YES;
				CLANG_WARN_INT_CONVERSION = YES;
				CLANG_WARN_NON_LITERAL_NULL_CONVERSION = YES;
				CLANG_WARN_OBJC_IMPLICIT_RETAIN_SELF = YES;
				CLANG_WARN_OBJC_LITERAL_CONVERSION = YES;
				CLANG_WARN_OBJC_ROOT_CLASS = YES_ERROR;
				CLANG_WARN_QUOTED_INCLUDE_IN_FRAMEWORK_HEADER = YES;
				CLANG_WARN_RANGE_LOOP_ANALYSIS = YES;
				CLANG_WARN_STRICT_PROTOTYPES = YES;
				CLANG_WARN_SUSPICIOUS_MOVE = YES;
				CLANG_WARN_UNGUARDED_AVAILABILITY = YES_AGGRESSIVE;
				CLANG_WARN_UNREACHABLE_CODE = YES;
				CLANG_WARN__DUPLICATE_METHOD_MATCH = YES;
				COPY_PHASE_STRIP = NO;
				DEBUG_INFORMATION_FORMAT = dwarf;
				ENABLE_STRICT_OBJC_MSGSEND = YES;
				ENABLE_TESTABILITY = YES;
				ENABLE_USER_SCRIPT_SANDBOXING = YES;
				GCC_C_LANGUAGE_STANDARD = gnu17;
				GCC_DYNAMIC_NO_PIC = NO;
				GCC_NO_COMMON_BLOCKS = YES;
				GCC_OPTIMIZATION_LEVEL = 0;
				GCC_PREPROCESSOR_DEFINITIONS = (
					"DEBUG=1",
					"$(inherited)",
				);
				GCC_WARN_64_TO_32_BIT_CONVERSION = YES;
				GCC_WARN_ABOUT_RETURN_TYPE = YES_ERROR;
				GCC_WARN_UNDECLARED_SELECTOR = YES;
				GCC_WARN_UNINITIALIZED_AUTOS = YES_AGGRESSIVE;
				GCC_WARN_UNUSED_FUNCTION = YES;
				GCC_WARN_UNUSED_VARIABLE = YES;
				IPHONEOS_DEPLOYMENT_TARGET = 15.0;
				LOCALIZATION_PREFERS_STRING_CATALOGS = YES;
				MTL_ENABLE_DEBUG_INFO = INCLUDE_SOURCE;
				MTL_FAST_MATH = YES;
				ONLY_ACTIVE_ARCH = YES;
				SDKROOT = iphoneos;
				SWIFT_ACTIVE_COMPILATION_CONDITIONS = "DEBUG $(inherited)";
				SWIFT_OPTIMIZATION_LEVEL = "-Onone";
			};
			name = Debug;
		};
		B4B3E2CC2B42D1BC00818B3C /* Release */ = {
			isa = XCBuildConfiguration;
			baseConfigurationReference = 843E18412BBD214C003EEF6D /* Configuration.xcconfig */;
			buildSettings = {
				ALWAYS_SEARCH_USER_PATHS = NO;
				ASSETCATALOG_COMPILER_GENERATE_SWIFT_ASSET_SYMBOL_EXTENSIONS = YES;
				CLANG_ANALYZER_NONNULL = YES;
				CLANG_ANALYZER_NUMBER_OBJECT_CONVERSION = YES_AGGRESSIVE;
				CLANG_CXX_LANGUAGE_STANDARD = "gnu++20";
				CLANG_ENABLE_MODULES = YES;
				CLANG_ENABLE_OBJC_ARC = YES;
				CLANG_ENABLE_OBJC_WEAK = YES;
				CLANG_WARN_BLOCK_CAPTURE_AUTORELEASING = YES;
				CLANG_WARN_BOOL_CONVERSION = YES;
				CLANG_WARN_COMMA = YES;
				CLANG_WARN_CONSTANT_CONVERSION = YES;
				CLANG_WARN_DEPRECATED_OBJC_IMPLEMENTATIONS = YES;
				CLANG_WARN_DIRECT_OBJC_ISA_USAGE = YES_ERROR;
				CLANG_WARN_DOCUMENTATION_COMMENTS = YES;
				CLANG_WARN_EMPTY_BODY = YES;
				CLANG_WARN_ENUM_CONVERSION = YES;
				CLANG_WARN_INFINITE_RECURSION = YES;
				CLANG_WARN_INT_CONVERSION = YES;
				CLANG_WARN_NON_LITERAL_NULL_CONVERSION = YES;
				CLANG_WARN_OBJC_IMPLICIT_RETAIN_SELF = YES;
				CLANG_WARN_OBJC_LITERAL_CONVERSION = YES;
				CLANG_WARN_OBJC_ROOT_CLASS = YES_ERROR;
				CLANG_WARN_QUOTED_INCLUDE_IN_FRAMEWORK_HEADER = YES;
				CLANG_WARN_RANGE_LOOP_ANALYSIS = YES;
				CLANG_WARN_STRICT_PROTOTYPES = YES;
				CLANG_WARN_SUSPICIOUS_MOVE = YES;
				CLANG_WARN_UNGUARDED_AVAILABILITY = YES_AGGRESSIVE;
				CLANG_WARN_UNREACHABLE_CODE = YES;
				CLANG_WARN__DUPLICATE_METHOD_MATCH = YES;
				COPY_PHASE_STRIP = NO;
				DEBUG_INFORMATION_FORMAT = "dwarf-with-dsym";
				ENABLE_NS_ASSERTIONS = NO;
				ENABLE_STRICT_OBJC_MSGSEND = YES;
				ENABLE_USER_SCRIPT_SANDBOXING = YES;
				GCC_C_LANGUAGE_STANDARD = gnu17;
				GCC_NO_COMMON_BLOCKS = YES;
				GCC_WARN_64_TO_32_BIT_CONVERSION = YES;
				GCC_WARN_ABOUT_RETURN_TYPE = YES_ERROR;
				GCC_WARN_UNDECLARED_SELECTOR = YES;
				GCC_WARN_UNINITIALIZED_AUTOS = YES_AGGRESSIVE;
				GCC_WARN_UNUSED_FUNCTION = YES;
				GCC_WARN_UNUSED_VARIABLE = YES;
				IPHONEOS_DEPLOYMENT_TARGET = 15.0;
				LOCALIZATION_PREFERS_STRING_CATALOGS = YES;
				MTL_ENABLE_DEBUG_INFO = NO;
				MTL_FAST_MATH = YES;
				SDKROOT = iphoneos;
				SWIFT_COMPILATION_MODE = wholemodule;
				VALIDATE_PRODUCT = YES;
			};
			name = Release;
		};
		B4B3E2CE2B42D1BC00818B3C /* Debug */ = {
			isa = XCBuildConfiguration;
			baseConfigurationReference = EFD6408FF9FD825BF942F408 /* Pods-ChatBot.debug.xcconfig */;
			buildSettings = {
				ASSETCATALOG_COMPILER_APPICON_NAME = AppIcon;
				ASSETCATALOG_COMPILER_GLOBAL_ACCENT_COLOR_NAME = AccentColor;
				CODE_SIGN_STYLE = Automatic;
				CURRENT_PROJECT_VERSION = 1;
				DEVELOPMENT_TEAM = W9647FYSN7;
				ENABLE_USER_SCRIPT_SANDBOXING = NO;
				GENERATE_INFOPLIST_FILE = YES;
				INFOPLIST_FILE = ChatBot/Resources/Info.plist;
				INFOPLIST_KEY_UIApplicationSupportsIndirectInputEvents = YES;
				INFOPLIST_KEY_UILaunchStoryboardName = LaunchScreen;
				INFOPLIST_KEY_UISupportedInterfaceOrientations_iPad = "UIInterfaceOrientationPortrait UIInterfaceOrientationPortraitUpsideDown UIInterfaceOrientationLandscapeLeft UIInterfaceOrientationLandscapeRight";
				INFOPLIST_KEY_UISupportedInterfaceOrientations_iPhone = "UIInterfaceOrientationPortrait UIInterfaceOrientationLandscapeLeft UIInterfaceOrientationLandscapeRight";
				IPHONEOS_DEPLOYMENT_TARGET = 15.0;
				LD_RUNPATH_SEARCH_PATHS = (
					"$(inherited)",
					"@executable_path/Frameworks",
				);
				MARKETING_VERSION = 1.0;
				PRODUCT_BUNDLE_IDENTIFIER = com.tacocat.ChatBot;
				PRODUCT_NAME = "$(TARGET_NAME)";
				SUPPORTED_PLATFORMS = "iphoneos iphonesimulator";
				SUPPORTS_MACCATALYST = NO;
				SUPPORTS_MAC_DESIGNED_FOR_IPHONE_IPAD = NO;
				SUPPORTS_XR_DESIGNED_FOR_IPHONE_IPAD = NO;
				SWIFT_EMIT_LOC_STRINGS = YES;
				SWIFT_VERSION = 5.0;
				TARGETED_DEVICE_FAMILY = "1,2";
			};
			name = Debug;
		};
		B4B3E2CF2B42D1BC00818B3C /* Release */ = {
			isa = XCBuildConfiguration;
			baseConfigurationReference = 548DCC0B40D1F4BC4766D293 /* Pods-ChatBot.release.xcconfig */;
			buildSettings = {
				ASSETCATALOG_COMPILER_APPICON_NAME = AppIcon;
				ASSETCATALOG_COMPILER_GLOBAL_ACCENT_COLOR_NAME = AccentColor;
				CODE_SIGN_STYLE = Automatic;
				CURRENT_PROJECT_VERSION = 1;
				DEVELOPMENT_TEAM = W9647FYSN7;
				ENABLE_USER_SCRIPT_SANDBOXING = NO;
				GENERATE_INFOPLIST_FILE = YES;
				INFOPLIST_FILE = ChatBot/Resources/Info.plist;
				INFOPLIST_KEY_UIApplicationSupportsIndirectInputEvents = YES;
				INFOPLIST_KEY_UILaunchStoryboardName = LaunchScreen;
				INFOPLIST_KEY_UIMainStoryboardFile = Main;
				INFOPLIST_KEY_UISupportedInterfaceOrientations_iPad = "UIInterfaceOrientationPortrait UIInterfaceOrientationPortraitUpsideDown UIInterfaceOrientationLandscapeLeft UIInterfaceOrientationLandscapeRight";
				INFOPLIST_KEY_UISupportedInterfaceOrientations_iPhone = "UIInterfaceOrientationPortrait UIInterfaceOrientationLandscapeLeft UIInterfaceOrientationLandscapeRight";
				IPHONEOS_DEPLOYMENT_TARGET = 15.0;
				LD_RUNPATH_SEARCH_PATHS = (
					"$(inherited)",
					"@executable_path/Frameworks",
				);
				MARKETING_VERSION = 1.0;
				PRODUCT_BUNDLE_IDENTIFIER = com.tacocat.ChatBot;
				PRODUCT_NAME = "$(TARGET_NAME)";
				SUPPORTED_PLATFORMS = "iphoneos iphonesimulator";
				SUPPORTS_MACCATALYST = NO;
				SUPPORTS_MAC_DESIGNED_FOR_IPHONE_IPAD = NO;
				SUPPORTS_XR_DESIGNED_FOR_IPHONE_IPAD = NO;
				SWIFT_EMIT_LOC_STRINGS = YES;
				SWIFT_VERSION = 5.0;
				TARGETED_DEVICE_FAMILY = "1,2";
			};
			name = Release;
		};
/* End XCBuildConfiguration section */

/* Begin XCConfigurationList section */
		B4B3E2B42B42D1BB00818B3C /* Build configuration list for PBXProject "ChatBot" */ = {
			isa = XCConfigurationList;
			buildConfigurations = (
				B4B3E2CB2B42D1BC00818B3C /* Debug */,
				B4B3E2CC2B42D1BC00818B3C /* Release */,
			);
			defaultConfigurationIsVisible = 0;
			defaultConfigurationName = Release;
		};
		B4B3E2CD2B42D1BC00818B3C /* Build configuration list for PBXNativeTarget "ChatBot" */ = {
			isa = XCConfigurationList;
			buildConfigurations = (
				B4B3E2CE2B42D1BC00818B3C /* Debug */,
				B4B3E2CF2B42D1BC00818B3C /* Release */,
			);
			defaultConfigurationIsVisible = 0;
			defaultConfigurationName = Release;
		};
/* End XCConfigurationList section */
	};
	rootObject = B4B3E2B12B42D1BB00818B3C /* Project object */;
}
